
Microsoft Visual Studio Solution File, Format Version 12.00
# Visual Studio Version 16
VisualStudioVersion = 16.0.30128.36
MinimumVisualStudioVersion = 10.0.40219.1
Project("{9A19103F-16F7-4668-BE54-9A1E7A4F7556}") = "RvdB.Common", "RvdB.Common\RvdB.Common.csproj", "{1AF829EF-BDB7-4C83-894F-9DAC59D7D78B}"
EndProject
Project("{9A19103F-16F7-4668-BE54-9A1E7A4F7556}") = "RvdB.Common.Azure", "RvdB.Common.Azure\RvdB.Common.Azure.csproj", "{D8555513-8FEC-4382-AED6-35BF76E366C3}"
EndProject
Project("{2150E333-8FDC-42A3-9474-1A3956D46DE8}") = "Tests", "Tests", "{1FBCAAC9-7C43-4FB2-8C9A-380AAFDA4608}"
EndProject
Project("{9A19103F-16F7-4668-BE54-9A1E7A4F7556}") = "RvdB.Common.Azure.Tests", "Tests\RvdB.Common.Azure.Tests\RvdB.Common.Azure.Tests.csproj", "{5C056720-906B-41B1-B2F5-F455FB091E66}"
EndProject
Project("{9A19103F-16F7-4668-BE54-9A1E7A4F7556}") = "RvdB.Common.Tests", "Tests\RvdB.Common.Tests\RvdB.Common.Tests.csproj", "{68D88636-8564-4D54-A84F-FE089BEEF071}"
EndProject
Global
	GlobalSection(SolutionConfigurationPlatforms) = preSolution
		Debug|Any CPU = Debug|Any CPU
		Release|Any CPU = Release|Any CPU
	EndGlobalSection
	GlobalSection(ProjectConfigurationPlatforms) = postSolution
		{1AF829EF-BDB7-4C83-894F-9DAC59D7D78B}.Debug|Any CPU.ActiveCfg = Debug|Any CPU
		{1AF829EF-BDB7-4C83-894F-9DAC59D7D78B}.Debug|Any CPU.Build.0 = Debug|Any CPU
		{1AF829EF-BDB7-4C83-894F-9DAC59D7D78B}.Release|Any CPU.ActiveCfg = Release|Any CPU
		{1AF829EF-BDB7-4C83-894F-9DAC59D7D78B}.Release|Any CPU.Build.0 = Release|Any CPU
		{D8555513-8FEC-4382-AED6-35BF76E366C3}.Debug|Any CPU.ActiveCfg = Debug|Any CPU
		{D8555513-8FEC-4382-AED6-35BF76E366C3}.Debug|Any CPU.Build.0 = Debug|Any CPU
		{D8555513-8FEC-4382-AED6-35BF76E366C3}.Release|Any CPU.ActiveCfg = Release|Any CPU
		{D8555513-8FEC-4382-AED6-35BF76E366C3}.Release|Any CPU.Build.0 = Release|Any CPU
		{5C056720-906B-41B1-B2F5-F455FB091E66}.Debug|Any CPU.ActiveCfg = Debug|Any CPU
		{5C056720-906B-41B1-B2F5-F455FB091E66}.Debug|Any CPU.Build.0 = Debug|Any CPU
		{5C056720-906B-41B1-B2F5-F455FB091E66}.Release|Any CPU.ActiveCfg = Release|Any CPU
		{5C056720-906B-41B1-B2F5-F455FB091E66}.Release|Any CPU.Build.0 = Release|Any CPU
		{68D88636-8564-4D54-A84F-FE089BEEF071}.Debug|Any CPU.ActiveCfg = Debug|Any CPU
		{68D88636-8564-4D54-A84F-FE089BEEF071}.Debug|Any CPU.Build.0 = Debug|Any CPU
		{68D88636-8564-4D54-A84F-FE089BEEF071}.Release|Any CPU.ActiveCfg = Release|Any CPU
		{68D88636-8564-4D54-A84F-FE089BEEF071}.Release|Any CPU.Build.0 = Release|Any CPU
	EndGlobalSection
	GlobalSection(SolutionProperties) = preSolution
		HideSolutionNode = FALSE
	EndGlobalSection
	GlobalSection(NestedProjects) = preSolution
		{5C056720-906B-41B1-B2F5-F455FB091E66} = {1FBCAAC9-7C43-4FB2-8C9A-380AAFDA4608}
		{68D88636-8564-4D54-A84F-FE089BEEF071} = {1FBCAAC9-7C43-4FB2-8C9A-380AAFDA4608}
	EndGlobalSection
	GlobalSection(ExtensibilityGlobals) = postSolution
		SolutionGuid = {4265D64E-0324-45DC-85EC-1497C22E08C4}
	EndGlobalSection
EndGlobal
